// !$*UTF8*$!
{
	archiveVersion = 1;
	classes = {
	};
	objectVersion = 50;
	objects = {

/* Begin PBXBuildFile section */
		141FC1CD236159A00051705D /* AppDelegate.swift in Sources */ = {isa = PBXBuildFile; fileRef = 141FC1CC236159A00051705D /* AppDelegate.swift */; };
		141FC1CF236159A00051705D /* SceneDelegate.swift in Sources */ = {isa = PBXBuildFile; fileRef = 141FC1CE236159A00051705D /* SceneDelegate.swift */; };
		141FC1D1236159A00051705D /* ViewController.swift in Sources */ = {isa = PBXBuildFile; fileRef = 141FC1D0236159A00051705D /* ViewController.swift */; };
		141FC1D4236159A00051705D /* Main.storyboard in Resources */ = {isa = PBXBuildFile; fileRef = 141FC1D2236159A00051705D /* Main.storyboard */; };
		141FC1D6236159A10051705D /* Assets.xcassets in Resources */ = {isa = PBXBuildFile; fileRef = 141FC1D5236159A10051705D /* Assets.xcassets */; };
		141FC1D9236159A10051705D /* LaunchScreen.storyboard in Resources */ = {isa = PBXBuildFile; fileRef = 141FC1D7236159A10051705D /* LaunchScreen.storyboard */; };
		141FC1E4236159A10051705D /* LeaderboardTests.swift in Sources */ = {isa = PBXBuildFile; fileRef = 141FC1E3236159A10051705D /* LeaderboardTests.swift */; };
		141FC1EF236159A10051705D /* LeaderboardUITests.swift in Sources */ = {isa = PBXBuildFile; fileRef = 141FC1EE236159A10051705D /* LeaderboardUITests.swift */; };
		1479ED582364F47B00F2A086 /* teamstructure.swift in Sources */ = {isa = PBXBuildFile; fileRef = 1479ED572364F47B00F2A086 /* teamstructure.swift */; };
		1479ED5A2365DC2000F2A086 /* TableViewCell.swift in Sources */ = {isa = PBXBuildFile; fileRef = 1479ED592365DC2000F2A086 /* TableViewCell.swift */; };
		1479ED60236683EF00F2A086 /* champ.swift in Sources */ = {isa = PBXBuildFile; fileRef = 1479ED5F236683EF00F2A086 /* champ.swift */; };
/* End PBXBuildFile section */

/* Begin PBXContainerItemProxy section */
		141FC1E0236159A10051705D /* PBXContainerItemProxy */ = {
			isa = PBXContainerItemProxy;
			containerPortal = 141FC1C1236159A00051705D /* Project object */;
			proxyType = 1;
			remoteGlobalIDString = 141FC1C8236159A00051705D;
			remoteInfo = Leaderboard;
		};
		141FC1EB236159A10051705D /* PBXContainerItemProxy */ = {
			isa = PBXContainerItemProxy;
			containerPortal = 141FC1C1236159A00051705D /* Project object */;
			proxyType = 1;
			remoteGlobalIDString = 141FC1C8236159A00051705D;
			remoteInfo = Leaderboard;
		};
/* End PBXContainerItemProxy section */

/* Begin PBXFileReference section */
		141FC1C9236159A00051705D /* Leaderboard.app */ = {isa = PBXFileReference; explicitFileType = wrapper.application; includeInIndex = 0; path = Leaderboard.app; sourceTree = BUILT_PRODUCTS_DIR; };
		141FC1CC236159A00051705D /* AppDelegate.swift */ = {isa = PBXFileReference; lastKnownFileType = sourcecode.swift; path = AppDelegate.swift; sourceTree = "<group>"; };
		141FC1CE236159A00051705D /* SceneDelegate.swift */ = {isa = PBXFileReference; lastKnownFileType = sourcecode.swift; path = SceneDelegate.swift; sourceTree = "<group>"; };
		141FC1D0236159A00051705D /* ViewController.swift */ = {isa = PBXFileReference; lastKnownFileType = sourcecode.swift; path = ViewController.swift; sourceTree = "<group>"; };
		141FC1D3236159A00051705D /* Base */ = {isa = PBXFileReference; lastKnownFileType = file.storyboard; name = Base; path = Base.lproj/Main.storyboard; sourceTree = "<group>"; };
		141FC1D5236159A10051705D /* Assets.xcassets */ = {isa = PBXFileReference; lastKnownFileType = folder.assetcatalog; path = Assets.xcassets; sourceTree = "<group>"; };
		141FC1D8236159A10051705D /* Base */ = {isa = PBXFileReference; lastKnownFileType = file.storyboard; name = Base; path = Base.lproj/LaunchScreen.storyboard; sourceTree = "<group>"; };
		141FC1DA236159A10051705D /* Info.plist */ = {isa = PBXFileReference; lastKnownFileType = text.plist.xml; path = Info.plist; sourceTree = "<group>"; };
		141FC1DF236159A10051705D /* LeaderboardTests.xctest */ = {isa = PBXFileReference; explicitFileType = wrapper.cfbundle; includeInIndex = 0; path = LeaderboardTests.xctest; sourceTree = BUILT_PRODUCTS_DIR; };
		141FC1E3236159A10051705D /* LeaderboardTests.swift */ = {isa = PBXFileReference; lastKnownFileType = sourcecode.swift; path = LeaderboardTests.swift; sourceTree = "<group>"; };
		141FC1E5236159A10051705D /* Info.plist */ = {isa = PBXFileReference; lastKnownFileType = text.plist.xml; path = Info.plist; sourceTree = "<group>"; };
		141FC1EA236159A10051705D /* LeaderboardUITests.xctest */ = {isa = PBXFileReference; explicitFileType = wrapper.cfbundle; includeInIndex = 0; path = LeaderboardUITests.xctest; sourceTree = BUILT_PRODUCTS_DIR; };
		141FC1EE236159A10051705D /* LeaderboardUITests.swift */ = {isa = PBXFileReference; lastKnownFileType = sourcecode.swift; path = LeaderboardUITests.swift; sourceTree = "<group>"; };
		141FC1F0236159A10051705D /* Info.plist */ = {isa = PBXFileReference; lastKnownFileType = text.plist.xml; path = Info.plist; sourceTree = "<group>"; };
		1479ED572364F47B00F2A086 /* teamstructure.swift */ = {isa = PBXFileReference; lastKnownFileType = sourcecode.swift; path = teamstructure.swift; sourceTree = "<group>"; };
		1479ED592365DC2000F2A086 /* TableViewCell.swift */ = {isa = PBXFileReference; lastKnownFileType = sourcecode.swift; path = TableViewCell.swift; sourceTree = "<group>"; };
		1479ED5F236683EF00F2A086 /* champ.swift */ = {isa = PBXFileReference; lastKnownFileType = sourcecode.swift; path = champ.swift; sourceTree = "<group>"; };
/* End PBXFileReference section */

/* Begin PBXFrameworksBuildPhase section */
		141FC1C6236159A00051705D /* Frameworks */ = {
			isa = PBXFrameworksBuildPhase;
			buildActionMask = 2147483647;
			files = (
			);
			runOnlyForDeploymentPostprocessing = 0;
		};
		141FC1DC236159A10051705D /* Frameworks */ = {
			isa = PBXFrameworksBuildPhase;
			buildActionMask = 2147483647;
			files = (
			);
			runOnlyForDeploymentPostprocessing = 0;
		};
		141FC1E7236159A10051705D /* Frameworks */ = {
			isa = PBXFrameworksBuildPhase;
			buildActionMask = 2147483647;
			files = (
			);
			runOnlyForDeploymentPostprocessing = 0;
		};
/* End PBXFrameworksBuildPhase section */

/* Begin PBXGroup section */
		141FC1C0236159A00051705D = {
			isa = PBXGroup;
			children = (
				141FC1CB236159A00051705D /* Leaderboard */,
				141FC1E2236159A10051705D /* LeaderboardTests */,
				141FC1ED236159A10051705D /* LeaderboardUITests */,
				141FC1CA236159A00051705D /* Products */,
			);
			sourceTree = "<group>";
		};
		141FC1CA236159A00051705D /* Products */ = {
			isa = PBXGroup;
			children = (
				141FC1C9236159A00051705D /* Leaderboard.app */,
				141FC1DF236159A10051705D /* LeaderboardTests.xctest */,
				141FC1EA236159A10051705D /* LeaderboardUITests.xctest */,
			);
			name = Products;
			sourceTree = "<group>";
		};
		141FC1CB236159A00051705D /* Leaderboard */ = {
			isa = PBXGroup;
			children = (
				141FC1CC236159A00051705D /* AppDelegate.swift */,
				141FC1CE236159A00051705D /* SceneDelegate.swift */,
				141FC1D0236159A00051705D /* ViewController.swift */,
				1479ED592365DC2000F2A086 /* TableViewCell.swift */,
				1479ED5F236683EF00F2A086 /* champ.swift */,
				141FC1D2236159A00051705D /* Main.storyboard */,
				141FC1D5236159A10051705D /* Assets.xcassets */,
				141FC1D7236159A10051705D /* LaunchScreen.storyboard */,
				141FC1DA236159A10051705D /* Info.plist */,
				1479ED572364F47B00F2A086 /* teamstructure.swift */,
			);
			path = Leaderboard;
			sourceTree = "<group>";
		};
		141FC1E2236159A10051705D /* LeaderboardTests */ = {
			isa = PBXGroup;
			children = (
				141FC1E3236159A10051705D /* LeaderboardTests.swift */,
				141FC1E5236159A10051705D /* Info.plist */,
			);
			path = LeaderboardTests;
			sourceTree = "<group>";
		};
		141FC1ED236159A10051705D /* LeaderboardUITests */ = {
			isa = PBXGroup;
			children = (
				141FC1EE236159A10051705D /* LeaderboardUITests.swift */,
				141FC1F0236159A10051705D /* Info.plist */,
			);
			path = LeaderboardUITests;
			sourceTree = "<group>";
		};
/* End PBXGroup section */

/* Begin PBXNativeTarget section */
		141FC1C8236159A00051705D /* Leaderboard */ = {
			isa = PBXNativeTarget;
			buildConfigurationList = 141FC1F3236159A10051705D /* Build configuration list for PBXNativeTarget "Leaderboard" */;
			buildPhases = (
				141FC1C5236159A00051705D /* Sources */,
				141FC1C6236159A00051705D /* Frameworks */,
				141FC1C7236159A00051705D /* Resources */,
			);
			buildRules = (
			);
			dependencies = (
			);
			name = Leaderboard;
			productName = Leaderboard;
			productReference = 141FC1C9236159A00051705D /* Leaderboard.app */;
			productType = "com.apple.product-type.application";
		};
		141FC1DE236159A10051705D /* LeaderboardTests */ = {
			isa = PBXNativeTarget;
			buildConfigurationList = 141FC1F6236159A10051705D /* Build configuration list for PBXNativeTarget "LeaderboardTests" */;
			buildPhases = (
				141FC1DB236159A10051705D /* Sources */,
				141FC1DC236159A10051705D /* Frameworks */,
				141FC1DD236159A10051705D /* Resources */,
			);
			buildRules = (
			);
			dependencies = (
				141FC1E1236159A10051705D /* PBXTargetDependency */,
			);
			name = LeaderboardTests;
			productName = LeaderboardTests;
			productReference = 141FC1DF236159A10051705D /* LeaderboardTests.xctest */;
			productType = "com.apple.product-type.bundle.unit-test";
		};
		141FC1E9236159A10051705D /* LeaderboardUITests */ = {
			isa = PBXNativeTarget;
			buildConfigurationList = 141FC1F9236159A10051705D /* Build configuration list for PBXNativeTarget "LeaderboardUITests" */;
			buildPhases = (
				141FC1E6236159A10051705D /* Sources */,
				141FC1E7236159A10051705D /* Frameworks */,
				141FC1E8236159A10051705D /* Resources */,
			);
			buildRules = (
			);
			dependencies = (
				141FC1EC236159A10051705D /* PBXTargetDependency */,
			);
			name = LeaderboardUITests;
			productName = LeaderboardUITests;
			productReference = 141FC1EA236159A10051705D /* LeaderboardUITests.xctest */;
			productType = "com.apple.product-type.bundle.ui-testing";
		};
/* End PBXNativeTarget section */

/* Begin PBXProject section */
		141FC1C1236159A00051705D /* Project object */ = {
			isa = PBXProject;
			attributes = {
				LastSwiftUpdateCheck = 1100;
				LastUpgradeCheck = 1100;
				ORGANIZATIONNAME = "Rosh Sugathan Thaivalappil";
				TargetAttributes = {
					141FC1C8236159A00051705D = {
						CreatedOnToolsVersion = 11.0;
					};
					141FC1DE236159A10051705D = {
						CreatedOnToolsVersion = 11.0;
						TestTargetID = 141FC1C8236159A00051705D;
					};
					141FC1E9236159A10051705D = {
						CreatedOnToolsVersion = 11.0;
						TestTargetID = 141FC1C8236159A00051705D;
					};
				};
			};
			buildConfigurationList = 141FC1C4236159A00051705D /* Build configuration list for PBXProject "Leaderboard" */;
			compatibilityVersion = "Xcode 9.3";
			developmentRegion = en;
			hasScannedForEncodings = 0;
			knownRegions = (
				en,
				Base,
			);
			mainGroup = 141FC1C0236159A00051705D;
			productRefGroup = 141FC1CA236159A00051705D /* Products */;
			projectDirPath = "";
			projectRoot = "";
			targets = (
				141FC1C8236159A00051705D /* Leaderboard */,
				141FC1DE236159A10051705D /* LeaderboardTests */,
				141FC1E9236159A10051705D /* LeaderboardUITests */,
			);
		};
/* End PBXProject section */

/* Begin PBXResourcesBuildPhase section */
		141FC1C7236159A00051705D /* Resources */ = {
			isa = PBXResourcesBuildPhase;
			buildActionMask = 2147483647;
			files = (
				141FC1D9236159A10051705D /* LaunchScreen.storyboard in Resources */,
				141FC1D6236159A10051705D /* Assets.xcassets in Resources */,
				141FC1D4236159A00051705D /* Main.storyboard in Resources */,
			);
			runOnlyForDeploymentPostprocessing = 0;
		};
		141FC1DD236159A10051705D /* Resources */ = {
			isa = PBXResourcesBuildPhase;
			buildActionMask = 2147483647;
			files = (
			);
			runOnlyForDeploymentPostprocessing = 0;
		};
		141FC1E8236159A10051705D /* Resources */ = {
			isa = PBXResourcesBuildPhase;
			buildActionMask = 2147483647;
			files = (
			);
			runOnlyForDeploymentPostprocessing = 0;
		};
/* End PBXResourcesBuildPhase section */

/* Begin PBXSourcesBuildPhase section */
		141FC1C5236159A00051705D /* Sources */ = {
			isa = PBXSourcesBuildPhase;
			buildActionMask = 2147483647;
			files = (
				141FC1D1236159A00051705D /* ViewController.swift in Sources */,
				141FC1CD236159A00051705D /* AppDelegate.swift in Sources */,
				1479ED5A2365DC2000F2A086 /* TableViewCell.swift in Sources */,
				1479ED60236683EF00F2A086 /* champ.swift in Sources */,
				1479ED582364F47B00F2A086 /* teamstructure.swift in Sources */,
				141FC1CF236159A00051705D /* SceneDelegate.swift in Sources */,
			);
			runOnlyForDeploymentPostprocessing = 0;
		};
		141FC1DB236159A10051705D /* Sources */ = {
			isa = PBXSourcesBuildPhase;
			buildActionMask = 2147483647;
			files = (
				141FC1E4236159A10051705D /* LeaderboardTests.swift in Sources */,
			);
			runOnlyForDeploymentPostprocessing = 0;
		};
		141FC1E6236159A10051705D /* Sources */ = {
			isa = PBXSourcesBuildPhase;
			buildActionMask = 2147483647;
			files = (
				141FC1EF236159A10051705D /* LeaderboardUITests.swift in Sources */,
			);
			runOnlyForDeploymentPostprocessing = 0;
		};
/* End PBXSourcesBuildPhase section */

/* Begin PBXTargetDependency section */
		141FC1E1236159A10051705D /* PBXTargetDependency */ = {
			isa = PBXTargetDependency;
			target = 141FC1C8236159A00051705D /* Leaderboard */;
			targetProxy = 141FC1E0236159A10051705D /* PBXContainerItemProxy */;
		};
		141FC1EC236159A10051705D /* PBXTargetDependency */ = {
			isa = PBXTargetDependency;
			target = 141FC1C8236159A00051705D /* Leaderboard */;
			targetProxy = 141FC1EB236159A10051705D /* PBXContainerItemProxy */;
		};
/* End PBXTargetDependency section */

/* Begin PBXVariantGroup section */
		141FC1D2236159A00051705D /* Main.storyboard */ = {
			isa = PBXVariantGroup;
			children = (
				141FC1D3236159A00051705D /* Base */,
			);
			name = Main.storyboard;
			sourceTree = "<group>";
		};
		141FC1D7236159A10051705D /* LaunchScreen.storyboard */ = {
			isa = PBXVariantGroup;
			children = (
				141FC1D8236159A10051705D /* Base */,
			);
			name = LaunchScreen.storyboard;
			sourceTree = "<group>";
		};
/* End PBXVariantGroup section */

/* Begin XCBuildConfiguration section */
		141FC1F1236159A10051705D /* Debug */ = {
			isa = XCBuildConfiguration;
			buildSettings = {
				ALWAYS_SEARCH_USER_PATHS = NO;
				CLANG_ANALYZER_NONNULL = YES;
				CLANG_ANALYZER_NUMBER_OBJECT_CONVERSION = YES_AGGRESSIVE;
				CLANG_CXX_LANGUAGE_STANDARD = "gnu++14";
				CLANG_CXX_LIBRARY = "libc++";
				CLANG_ENABLE_MODULES = YES;
				CLANG_ENABLE_OBJC_ARC = YES;
				CLANG_ENABLE_OBJC_WEAK = YES;
				CLANG_WARN_BLOCK_CAPTURE_AUTORELEASING = YES;
				CLANG_WARN_BOOL_CONVERSION = YES;
				CLANG_WARN_COMMA = YES;
				CLANG_WARN_CONSTANT_CONVERSION = YES;
				CLANG_WARN_DEPRECATED_OBJC_IMPLEMENTATIONS = YES;
				CLANG_WARN_DIRECT_OBJC_ISA_USAGE = YES_ERROR;
				CLANG_WARN_DOCUMENTATION_COMMENTS = YES;
				CLANG_WARN_EMPTY_BODY = YES;
				CLANG_WARN_ENUM_CONVERSION = YES;
				CLANG_WARN_INFINITE_RECURSION = YES;
				CLANG_WARN_INT_CONVERSION = YES;
				CLANG_WARN_NON_LITERAL_NULL_CONVERSION = YES;
				CLANG_WARN_OBJC_IMPLICIT_RETAIN_SELF = YES;
				CLANG_WARN_OBJC_LITERAL_CONVERSION = YES;
				CLANG_WARN_OBJC_ROOT_CLASS = YES_ERROR;
				CLANG_WARN_RANGE_LOOP_ANALYSIS = YES;
				CLANG_WARN_STRICT_PROTOTYPES = YES;
				CLANG_WARN_SUSPICIOUS_MOVE = YES;
				CLANG_WARN_UNGUARDED_AVAILABILITY = YES_AGGRESSIVE;
				CLANG_WARN_UNREACHABLE_CODE = YES;
				CLANG_WARN__DUPLICATE_METHOD_MATCH = YES;
				COPY_PHASE_STRIP = NO;
				DEBUG_INFORMATION_FORMAT = dwarf;
				ENABLE_STRICT_OBJC_MSGSEND = YES;
				ENABLE_TESTABILITY = YES;
				GCC_C_LANGUAGE_STANDARD = gnu11;
				GCC_DYNAMIC_NO_PIC = NO;
				GCC_NO_COMMON_BLOCKS = YES;
				GCC_OPTIMIZATION_LEVEL = 0;
				GCC_PREPROCESSOR_DEFINITIONS = (
					"DEBUG=1",
					"$(inherited)",
				);
				GCC_WARN_64_TO_32_BIT_CONVERSION = YES;
				GCC_WARN_ABOUT_RETURN_TYPE = YES_ERROR;
				GCC_WARN_UNDECLARED_SELECTOR = YES;
				GCC_WARN_UNINITIALIZED_AUTOS = YES_AGGRESSIVE;
				GCC_WARN_UNUSED_FUNCTION = YES;
				GCC_WARN_UNUSED_VARIABLE = YES;
				IPHONEOS_DEPLOYMENT_TARGET = 13.0;
				MTL_ENABLE_DEBUG_INFO = INCLUDE_SOURCE;
				MTL_FAST_MATH = YES;
				ONLY_ACTIVE_ARCH = YES;
				SDKROOT = iphoneos;
				SWIFT_ACTIVE_COMPILATION_CONDITIONS = DEBUG;
				SWIFT_OPTIMIZATION_LEVEL = "-Onone";
			};
			name = Debug;
		};
		141FC1F2236159A10051705D /* Release */ = {
			isa = XCBuildConfiguration;
			buildSettings = {
				ALWAYS_SEARCH_USER_PATHS = NO;
				CLANG_ANALYZER_NONNULL = YES;
				CLANG_ANALYZER_NUMBER_OBJECT_CONVERSION = YES_AGGRESSIVE;
				CLANG_CXX_LANGUAGE_STANDARD = "gnu++14";
				CLANG_CXX_LIBRARY = "libc++";
				CLANG_ENABLE_MODULES = YES;
				CLANG_ENABLE_OBJC_ARC = YES;
				CLANG_ENABLE_OBJC_WEAK = YES;
				CLANG_WARN_BLOCK_CAPTURE_AUTORELEASING = YES;
				CLANG_WARN_BOOL_CONVERSION = YES;
				CLANG_WARN_COMMA = YES;
				CLANG_WARN_CONSTANT_CONVERSION = YES;
				CLANG_WARN_DEPRECATED_OBJC_IMPLEMENTATIONS = YES;
				CLANG_WARN_DIRECT_OBJC_ISA_USAGE = YES_ERROR;
				CLANG_WARN_DOCUMENTATION_COMMENTS = YES;
				CLANG_WARN_EMPTY_BODY = YES;
				CLANG_WARN_ENUM_CONVERSION = YES;
				CLANG_WARN_INFINITE_RECURSION = YES;
				CLANG_WARN_INT_CONVERSION = YES;
				CLANG_WARN_NON_LITERAL_NULL_CONVERSION = YES;
				CLANG_WARN_OBJC_IMPLICIT_RETAIN_SELF = YES;
				CLANG_WARN_OBJC_LITERAL_CONVERSION = YES;
				CLANG_WARN_OBJC_ROOT_CLASS = YES_ERROR;
				CLANG_WARN_RANGE_LOOP_ANALYSIS = YES;
				CLANG_WARN_STRICT_PROTOTYPES = YES;
				CLANG_WARN_SUSPICIOUS_MOVE = YES;
				CLANG_WARN_UNGUARDED_AVAILABILITY = YES_AGGRESSIVE;
				CLANG_WARN_UNREACHABLE_CODE = YES;
				CLANG_WARN__DUPLICATE_METHOD_MATCH = YES;
				COPY_PHASE_STRIP = NO;
				DEBUG_INFORMATION_FORMAT = "dwarf-with-dsym";
				ENABLE_NS_ASSERTIONS = NO;
				ENABLE_STRICT_OBJC_MSGSEND = YES;
				GCC_C_LANGUAGE_STANDARD = gnu11;
				GCC_NO_COMMON_BLOCKS = YES;
				GCC_WARN_64_TO_32_BIT_CONVERSION = YES;
				GCC_WARN_ABOUT_RETURN_TYPE = YES_ERROR;
				GCC_WARN_UNDECLARED_SELECTOR = YES;
				GCC_WARN_UNINITIALIZED_AUTOS = YES_AGGRESSIVE;
				GCC_WARN_UNUSED_FUNCTION = YES;
				GCC_WARN_UNUSED_VARIABLE = YES;
				IPHONEOS_DEPLOYMENT_TARGET = 13.0;
				MTL_ENABLE_DEBUG_INFO = NO;
				MTL_FAST_MATH = YES;
				SDKROOT = iphoneos;
				SWIFT_COMPILATION_MODE = wholemodule;
				SWIFT_OPTIMIZATION_LEVEL = "-O";
				VALIDATE_PRODUCT = YES;
			};
			name = Release;
		};
		141FC1F4236159A10051705D /* Debug */ = {
			isa = XCBuildConfiguration;
			buildSettings = {
				ASSETCATALOG_COMPILER_APPICON_NAME = AppIcon;
				CODE_SIGN_STYLE = Automatic;
				DEVELOPMENT_TEAM = XRXK5C52QN;
				INFOPLIST_FILE = Leaderboard/Info.plist;
				LD_RUNPATH_SEARCH_PATHS = (
					"$(inherited)",
					"@executable_path/Frameworks",
				);
				PRODUCT_BUNDLE_IDENTIFIER = com.example.Leaderboard;
				PRODUCT_NAME = "$(TARGET_NAME)";
				SWIFT_VERSION = 5.0;
				TARGETED_DEVICE_FAMILY = "1,2";
			};
			name = Debug;
		};
		141FC1F5236159A10051705D /* Release */ = {
			isa = XCBuildConfiguration;
			buildSettings = {
				ASSETCATALOG_COMPILER_APPICON_NAME = AppIcon;
				CODE_SIGN_STYLE = Automatic;
				DEVELOPMENT_TEAM = XRXK5C52QN;
				INFOPLIST_FILE = Leaderboard/Info.plist;
				LD_RUNPATH_SEARCH_PATHS = (
					"$(inherited)",
					"@executable_path/Frameworks",
				);
				PRODUCT_BUNDLE_IDENTIFIER = com.example.Leaderboard;
				PRODUCT_NAME = "$(TARGET_NAME)";
				SWIFT_VERSION = 5.0;
				TARGETED_DEVICE_FAMILY = "1,2";
			};
			name = Release;
		};
		141FC1F7236159A10051705D /* Debug */ = {
			isa = XCBuildConfiguration;
			buildSettings = {
				ALWAYS_EMBED_SWIFT_STANDARD_LIBRARIES = YES;
				BUNDLE_LOADER = "$(TEST_HOST)";
				CODE_SIGN_STYLE = Automatic;
				DEVELOPMENT_TEAM = XRXK5C52QN;
				INFOPLIST_FILE = LeaderboardTests/Info.plist;
				IPHONEOS_DEPLOYMENT_TARGET = 13.0;
				LD_RUNPATH_SEARCH_PATHS = (
					"$(inherited)",
					"@executable_path/Frameworks",
					"@loader_path/Frameworks",
				);
				PRODUCT_BUNDLE_IDENTIFIER = com.example.LeaderboardTests;
				PRODUCT_NAME = "$(TARGET_NAME)";
				SWIFT_VERSION = 5.0;
				TARGETED_DEVICE_FAMILY = "1,2";
				TEST_HOST = "$(BUILT_PRODUCTS_DIR)/Leaderboard.app/Leaderboard";
			};
			name = Debug;
		};
		141FC1F8236159A10051705D /* Release */ = {
			isa = XCBuildConfiguration;
			buildSettings = {
				ALWAYS_EMBED_SWIFT_STANDARD_LIBRARIES = YES;
				BUNDLE_LOADER = "$(TEST_HOST)";
				CODE_SIGN_STYLE = Automatic;
				DEVELOPMENT_TEAM = XRXK5C52QN;
				INFOPLIST_FILE = LeaderboardTests/Info.plist;
				IPHONEOS_DEPLOYMENT_TARGET = 13.0;
				LD_RUNPATH_SEARCH_PATHS = (
					"$(inherited)",
					"@executable_path/Frameworks",
					"@loader_path/Frameworks",
				);
				PRODUCT_BUNDLE_IDENTIFIER = com.example.LeaderboardTests;
				PRODUCT_NAME = "$(TARGET_NAME)";
				SWIFT_VERSION = 5.0;
				TARGETED_DEVICE_FAMILY = "1,2";
				TEST_HOST = "$(BUILT_PRODUCTS_DIR)/Leaderboard.app/Leaderboard";
			};
			name = Release;
		};
		141FC1FA236159A10051705D /* Debug */ = {
			isa = XCBuildConfiguration;
			buildSettings = {
				ALWAYS_EMBED_SWIFT_STANDARD_LIBRARIES = YES;
				CODE_SIGN_STYLE = Automatic;
				DEVELOPMENT_TEAM = XRXK5C52QN;
				INFOPLIST_FILE = LeaderboardUITests/Info.plist;
				LD_RUNPATH_SEARCH_PATHS = (
					"$(inherited)",
					"@executable_path/Frameworks",
					"@loader_path/Frameworks",
				);
				PRODUCT_BUNDLE_IDENTIFIER = com.example.LeaderboardUITests;
				PRODUCT_NAME = "$(TARGET_NAME)";
				SWIFT_VERSION = 5.0;
				TARGETED_DEVICE_FAMILY = "1,2";
				TEST_TARGET_NAME = Leaderboard;
			};
			name = Debug;
		};
		141FC1FB236159A10051705D /* Release */ = {
			isa = XCBuildConfiguration;
			buildSettings = {
				ALWAYS_EMBED_SWIFT_STANDARD_LIBRARIES = YES;
				CODE_SIGN_STYLE = Automatic;
				DEVELOPMENT_TEAM = XRXK5C52QN;
				INFOPLIST_FILE = LeaderboardUITests/Info.plist;
				LD_RUNPATH_SEARCH_PATHS = (
					"$(inherited)",
					"@executable_path/Frameworks",
					"@loader_path/Frameworks",
				);
				PRODUCT_BUNDLE_IDENTIFIER = com.example.LeaderboardUITests;
				PRODUCT_NAME = "$(TARGET_NAME)";
				SWIFT_VERSION = 5.0;
				TARGETED_DEVICE_FAMILY = "1,2";
				TEST_TARGET_NAME = Leaderboard;
			};
			name = Release;
		};
/* End XCBuildConfiguration section */

/* Begin XCConfigurationList section */
		141FC1C4236159A00051705D /* Build configuration list for PBXProject "Leaderboard" */ = {
			isa = XCConfigurationList;
			buildConfigurations = (
				141FC1F1236159A10051705D /* Debug */,
				141FC1F2236159A10051705D /* Release */,
			);
			defaultConfigurationIsVisible = 0;
			defaultConfigurationName = Release;
		};
		141FC1F3236159A10051705D /* Build configuration list for PBXNativeTarget "Leaderboard" */ = {
			isa = XCConfigurationList;
			buildConfigurations = (
				141FC1F4236159A10051705D /* Debug */,
				141FC1F5236159A10051705D /* Release */,
			);
			defaultConfigurationIsVisible = 0;
			defaultConfigurationName = Release;
		};
		141FC1F6236159A10051705D /* Build configuration list for PBXNativeTarget "LeaderboardTests" */ = {
			isa = XCConfigurationList;
			buildConfigurations = (
				141FC1F7236159A10051705D /* Debug */,
				141FC1F8236159A10051705D /* Release */,
			);
			defaultConfigurationIsVisible = 0;
			defaultConfigurationName = Release;
		};
		141FC1F9236159A10051705D /* Build configuration list for PBXNativeTarget "LeaderboardUITests" */ = {
			isa = XCConfigurationList;
			buildConfigurations = (
				141FC1FA236159A10051705D /* Debug */,
				141FC1FB236159A10051705D /* Release */,
			);
			defaultConfigurationIsVisible = 0;
			defaultConfigurationName = Release;
		};
/* End XCConfigurationList section */
	};
	rootObject = 141FC1C1236159A00051705D /* Project object */;
}
